
Microsoft Visual Studio Solution File, Format Version 12.00
# Visual Studio Version 17
VisualStudioVersion = 17.3.32811.315
MinimumVisualStudioVersion = 10.0.40219.1
Project("{FAE04EC0-301F-11D3-BF4B-00C04F79EFBC}") = "3033_4_lc_0825", "3033_4_lc_0825\3033_4_lc_0825.csproj", "{73246286-CAA6-4AC1-8AE0-D553A2643511}"
EndProject
Global
	GlobalSection(SolutionConfigurationPlatforms) = preSolution
		Debug|Any CPU = Debug|Any CPU
		Release|Any CPU = Release|Any CPU
	EndGlobalSection
	GlobalSection(ProjectConfigurationPlatforms) = postSolution
		{73246286-CAA6-4AC1-8AE0-D553A2643511}.Debug|Any CPU.ActiveCfg = Debug|Any CPU
		{73246286-CAA6-4AC1-8AE0-D553A2643511}.Debug|Any CPU.Build.0 = Debug|Any CPU
		{73246286-CAA6-4AC1-8AE0-D553A2643511}.Release|Any CPU.ActiveCfg = Release|Any CPU
		{73246286-CAA6-4AC1-8AE0-D553A2643511}.Release|Any CPU.Build.0 = Release|Any CPU
	EndGlobalSection
	GlobalSection(SolutionProperties) = preSolution
		HideSolutionNode = FALSE
	EndGlobalSection
	GlobalSection(ExtensibilityGlobals) = postSolution
		SolutionGuid = {42BB5467-E52C-44C1-ABB0-8E1C5EDACE54}
	EndGlobalSection
EndGlobal
